
Microsoft Visual Studio Solution File, Format Version 12.00
# Visual Studio Version 16
VisualStudioVersion = 16.0.28922.388
MinimumVisualStudioVersion = 10.0.40219.1
Project("{FAE04EC0-301F-11D3-BF4B-00C04F79EFBC}") = "Algorithm1", "Algorithm1\Algorithm1.csproj", "{DBE7098A-6594-425E-8BDC-DE0E172E4476}"
EndProject
Global
	GlobalSection(SolutionConfigurationPlatforms) = preSolution
		Debug|Any CPU = Debug|Any CPU
		Release|Any CPU = Release|Any CPU
	EndGlobalSection
	GlobalSection(ProjectConfigurationPlatforms) = postSolution
		{DBE7098A-6594-425E-8BDC-DE0E172E4476}.Debug|Any CPU.ActiveCfg = Debug|Any CPU
		{DBE7098A-6594-425E-8BDC-DE0E172E4476}.Debug|Any CPU.Build.0 = Debug|Any CPU
		{DBE7098A-6594-425E-8BDC-DE0E172E4476}.Release|Any CPU.ActiveCfg = Release|Any CPU
		{DBE7098A-6594-425E-8BDC-DE0E172E4476}.Release|Any CPU.Build.0 = Release|Any CPU
	EndGlobalSection
	GlobalSection(SolutionProperties) = preSolution
		HideSolutionNode = FALSE
	EndGlobalSection
	GlobalSection(ExtensibilityGlobals) = postSolution
		SolutionGuid = {D3A7B0F2-B043-4379-AF69-F59E6EA74788}
	EndGlobalSection
EndGlobal
